
Microsoft Visual Studio Solution File, Format Version 12.00
Project("{FAE04EC0-301F-11D3-BF4B-00C04F79EFBC}") = "Delegates_Concepts", "src\CSharp\delegates\Delegates_Concepts\Delegates_Concepts.csproj", "{97440CCA-D327-4401-ABB4-CF81B877D1C5}"
EndProject
Project("{FAE04EC0-301F-11D3-BF4B-00C04F79EFBC}") = "Events_Concepts", "src\CSharp\events\Events_Concepts\Events_Concepts.csproj", "{BE8C05F4-E2F8-427B-BAA9-F3A44DDAD1F2}"
EndProject
Project("{FAE04EC0-301F-11D3-BF4B-00C04F79EFBC}") = "Covariance_Contravariance", "src\CSharp\generics\covariance_contravariance\Covariance_Contravariance\Covariance_Contravariance.csproj", "{A1A26E56-1BA8-42BF-9F3C-55142364CA20}"
EndProject
Project("{FAE04EC0-301F-11D3-BF4B-00C04F79EFBC}") = "Iterator", "src\CSharp\iterator\Iterator\Iterator.csproj", "{1238B02E-7B17-48A7-B125-33A14AA276CB}"
EndProject
Project("{FAE04EC0-301F-11D3-BF4B-00C04F79EFBC}") = "ForeachLoop", "src\CSharp\foreach\ForeachLoop\ForeachLoop.csproj", "{FAB23808-7AE8-4C4C-9564-4FCB09EABE73}"
EndProject
Project("{FAE04EC0-301F-11D3-BF4B-00C04F79EFBC}") = "AccessModifiers", "src\CSharp\access_modifiers\AccessModifiers\AccessModifiers.csproj", "{3D505AC7-E475-494F-8CA4-6B257D1EBE5D}"
EndProject
Project("{FAE04EC0-301F-11D3-BF4B-00C04F79EFBC}") = "TestAccessModifiers", "src\CSharp\access_modifiers\TestAccessModifiers\TestAccessModifiers.csproj", "{7B41E470-ED6E-447D-9CD5-677704447AFD}"
EndProject
Project("{FAE04EC0-301F-11D3-BF4B-00C04F79EFBC}") = "Dictionary_Internals", "src\CSharp\Dictionary_Internals\Dictionary_Internals.csproj", "{0BCD6566-5258-4DD6-BD36-358026DA8BFC}"
EndProject
Global
	GlobalSection(SolutionConfigurationPlatforms) = preSolution
		Debug|Any CPU = Debug|Any CPU
		Release|Any CPU = Release|Any CPU
	EndGlobalSection
	GlobalSection(ProjectConfigurationPlatforms) = postSolution
		{97440CCA-D327-4401-ABB4-CF81B877D1C5}.Debug|Any CPU.ActiveCfg = Debug|Any CPU
		{97440CCA-D327-4401-ABB4-CF81B877D1C5}.Debug|Any CPU.Build.0 = Debug|Any CPU
		{97440CCA-D327-4401-ABB4-CF81B877D1C5}.Release|Any CPU.ActiveCfg = Release|Any CPU
		{97440CCA-D327-4401-ABB4-CF81B877D1C5}.Release|Any CPU.Build.0 = Release|Any CPU
		{BE8C05F4-E2F8-427B-BAA9-F3A44DDAD1F2}.Debug|Any CPU.ActiveCfg = Debug|Any CPU
		{BE8C05F4-E2F8-427B-BAA9-F3A44DDAD1F2}.Debug|Any CPU.Build.0 = Debug|Any CPU
		{BE8C05F4-E2F8-427B-BAA9-F3A44DDAD1F2}.Release|Any CPU.ActiveCfg = Release|Any CPU
		{BE8C05F4-E2F8-427B-BAA9-F3A44DDAD1F2}.Release|Any CPU.Build.0 = Release|Any CPU
		{A1A26E56-1BA8-42BF-9F3C-55142364CA20}.Debug|Any CPU.ActiveCfg = Debug|Any CPU
		{A1A26E56-1BA8-42BF-9F3C-55142364CA20}.Debug|Any CPU.Build.0 = Debug|Any CPU
		{A1A26E56-1BA8-42BF-9F3C-55142364CA20}.Release|Any CPU.ActiveCfg = Release|Any CPU
		{A1A26E56-1BA8-42BF-9F3C-55142364CA20}.Release|Any CPU.Build.0 = Release|Any CPU
		{1238B02E-7B17-48A7-B125-33A14AA276CB}.Debug|Any CPU.ActiveCfg = Debug|Any CPU
		{1238B02E-7B17-48A7-B125-33A14AA276CB}.Debug|Any CPU.Build.0 = Debug|Any CPU
		{1238B02E-7B17-48A7-B125-33A14AA276CB}.Release|Any CPU.ActiveCfg = Release|Any CPU
		{1238B02E-7B17-48A7-B125-33A14AA276CB}.Release|Any CPU.Build.0 = Release|Any CPU
		{FAB23808-7AE8-4C4C-9564-4FCB09EABE73}.Debug|Any CPU.ActiveCfg = Debug|Any CPU
		{FAB23808-7AE8-4C4C-9564-4FCB09EABE73}.Debug|Any CPU.Build.0 = Debug|Any CPU
		{FAB23808-7AE8-4C4C-9564-4FCB09EABE73}.Release|Any CPU.ActiveCfg = Release|Any CPU
		{FAB23808-7AE8-4C4C-9564-4FCB09EABE73}.Release|Any CPU.Build.0 = Release|Any CPU
		{3D505AC7-E475-494F-8CA4-6B257D1EBE5D}.Debug|Any CPU.ActiveCfg = Debug|Any CPU
		{3D505AC7-E475-494F-8CA4-6B257D1EBE5D}.Debug|Any CPU.Build.0 = Debug|Any CPU
		{3D505AC7-E475-494F-8CA4-6B257D1EBE5D}.Release|Any CPU.ActiveCfg = Release|Any CPU
		{3D505AC7-E475-494F-8CA4-6B257D1EBE5D}.Release|Any CPU.Build.0 = Release|Any CPU
		{7B41E470-ED6E-447D-9CD5-677704447AFD}.Debug|Any CPU.ActiveCfg = Debug|Any CPU
		{7B41E470-ED6E-447D-9CD5-677704447AFD}.Debug|Any CPU.Build.0 = Debug|Any CPU
		{7B41E470-ED6E-447D-9CD5-677704447AFD}.Release|Any CPU.ActiveCfg = Release|Any CPU
		{7B41E470-ED6E-447D-9CD5-677704447AFD}.Release|Any CPU.Build.0 = Release|Any CPU
		{0BCD6566-5258-4DD6-BD36-358026DA8BFC}.Debug|Any CPU.ActiveCfg = Debug|Any CPU
		{0BCD6566-5258-4DD6-BD36-358026DA8BFC}.Debug|Any CPU.Build.0 = Debug|Any CPU
		{0BCD6566-5258-4DD6-BD36-358026DA8BFC}.Release|Any CPU.ActiveCfg = Release|Any CPU
		{0BCD6566-5258-4DD6-BD36-358026DA8BFC}.Release|Any CPU.Build.0 = Release|Any CPU
	EndGlobalSection
EndGlobal
